
Microsoft Visual Studio Solution File, Format Version 12.00
# Visual Studio 15
VisualStudioVersion = 15.0.28307.779
MinimumVisualStudioVersion = 10.0.40219.1
Project("{FAE04EC0-301F-11D3-BF4B-00C04F79EFBC}") = "Appli", "Appli\Appli.csproj", "{DBFD479A-359D-4DAF-8DFC-53EB7A1D437A}"
EndProject
Global
	GlobalSection(SolutionConfigurationPlatforms) = preSolution
		Debug|Any CPU = Debug|Any CPU
		Release|Any CPU = Release|Any CPU
	EndGlobalSection
	GlobalSection(ProjectConfigurationPlatforms) = postSolution
		{DBFD479A-359D-4DAF-8DFC-53EB7A1D437A}.Debug|Any CPU.ActiveCfg = Debug|Any CPU
		{DBFD479A-359D-4DAF-8DFC-53EB7A1D437A}.Debug|Any CPU.Build.0 = Debug|Any CPU
		{DBFD479A-359D-4DAF-8DFC-53EB7A1D437A}.Release|Any CPU.ActiveCfg = Release|Any CPU
		{DBFD479A-359D-4DAF-8DFC-53EB7A1D437A}.Release|Any CPU.Build.0 = Release|Any CPU
	EndGlobalSection
	GlobalSection(SolutionProperties) = preSolution
		HideSolutionNode = FALSE
	EndGlobalSection
	GlobalSection(ExtensibilityGlobals) = postSolution
		SolutionGuid = {EA96BD05-FFDD-4E58-B460-A2CDB72358E3}
	EndGlobalSection
EndGlobal
